
Microsoft Visual Studio Solution File, Format Version 12.00
# Visual Studio Version 16
VisualStudioVersion = 16.0.32002.261
MinimumVisualStudioVersion = 10.0.40219.1
Project("{9A19103F-16F7-4668-BE54-9A1E7A4F7556}") = "OSC.AzureFunction", "OSC.AzureFunction\OSC.AzureFunction.csproj", "{BF277C4B-1B65-4002-8F56-708C50F96E7B}"
EndProject
Global
	GlobalSection(SolutionConfigurationPlatforms) = preSolution
		Debug|Any CPU = Debug|Any CPU
		Release|Any CPU = Release|Any CPU
	EndGlobalSection
	GlobalSection(ProjectConfigurationPlatforms) = postSolution
		{BF277C4B-1B65-4002-8F56-708C50F96E7B}.Debug|Any CPU.ActiveCfg = Debug|Any CPU
		{BF277C4B-1B65-4002-8F56-708C50F96E7B}.Debug|Any CPU.Build.0 = Debug|Any CPU
		{BF277C4B-1B65-4002-8F56-708C50F96E7B}.Release|Any CPU.ActiveCfg = Release|Any CPU
		{BF277C4B-1B65-4002-8F56-708C50F96E7B}.Release|Any CPU.Build.0 = Release|Any CPU
	EndGlobalSection
	GlobalSection(SolutionProperties) = preSolution
		HideSolutionNode = FALSE
	EndGlobalSection
	GlobalSection(ExtensibilityGlobals) = postSolution
		SolutionGuid = {AD410967-6790-487E-BF66-8525B96F98E1}
	EndGlobalSection
EndGlobal
